
Microsoft Visual Studio Solution File, Format Version 12.00
# Visual Studio Version 17
VisualStudioVersion = 17.0.31903.59
MinimumVisualStudioVersion = 10.0.40219.1
Project("{2150E333-8FDC-42A3-9474-1A3956D46DE8}") = "Structural", "Structural", "{50EBF11F-6F0A-471F-85CC-F0A686FE6521}"
EndProject
Project("{FAE04EC0-301F-11D3-BF4B-00C04F79EFBC}") = "Adapter", "Structural\Adapter\Adapter.csproj", "{B394B19D-587B-4AD1-8646-F4F4DF9171E6}"
EndProject
Project("{FAE04EC0-301F-11D3-BF4B-00C04F79EFBC}") = "Bridge", "Structural\Bridge\Bridge.csproj", "{B34E3A97-FAFB-4D90-B4A8-B8EE8070C90C}"
EndProject
Project("{FAE04EC0-301F-11D3-BF4B-00C04F79EFBC}") = "Composite", "Structural\Composite\Composite.csproj", "{8AA7E206-5C93-4CB5-91C2-632BBDC0766D}"
EndProject
Project("{FAE04EC0-301F-11D3-BF4B-00C04F79EFBC}") = "Decorator", "Structural\Decorator\Decorator.csproj", "{904A8A17-47F7-4498-9571-AA09A40F92D3}"
EndProject
Project("{FAE04EC0-301F-11D3-BF4B-00C04F79EFBC}") = "Facade", "Structural\Facade\Facade.csproj", "{8CA0FD6D-5C75-4DC4-8CD5-0C5DC3B32AEE}"
EndProject
Project("{FAE04EC0-301F-11D3-BF4B-00C04F79EFBC}") = "Flyweight", "Structural\Flyweight\Flyweight.csproj", "{FCB49A21-6F1E-432F-8A8E-40A41695DFFF}"
EndProject
Project("{FAE04EC0-301F-11D3-BF4B-00C04F79EFBC}") = "Proxy", "Structural\Proxy\Proxy.csproj", "{749C8093-9310-435C-9F7B-2D0DEE027DF9}"
EndProject
Project("{2150E333-8FDC-42A3-9474-1A3956D46DE8}") = "Creational", "Creational", "{64A35692-26B7-4710-B3A8-C7C074EA2214}"
EndProject
Project("{FAE04EC0-301F-11D3-BF4B-00C04F79EFBC}") = "Singleton", "Creational\Singleton\Singleton.csproj", "{ADE6123F-2E34-4275-BDD9-6A0C99C81579}"
EndProject
Project("{FAE04EC0-301F-11D3-BF4B-00C04F79EFBC}") = "Builder", "Creational\Builder\Builder.csproj", "{5566A886-48CF-4608-9D30-8ADC22ACE7E9}"
EndProject
Project("{FAE04EC0-301F-11D3-BF4B-00C04F79EFBC}") = "Factory", "Creational\Factory\Factory.csproj", "{9BE11B29-C31F-49A9-83DC-20B6D18FA0E6}"
EndProject
Project("{2150E333-8FDC-42A3-9474-1A3956D46DE8}") = "Behavior", "Behavior", "{557FFD6C-8E36-47CB-97AE-545E230BD7AF}"
EndProject
Project("{FAE04EC0-301F-11D3-BF4B-00C04F79EFBC}") = "Iterator", "Behavior\Iterator\Iterator.csproj", "{E861CA46-A617-464E-BBB6-FA4F31CE1F8B}"
EndProject
Project("{FAE04EC0-301F-11D3-BF4B-00C04F79EFBC}") = "Command", "Behavior\Command\Command.csproj", "{8C837C8C-1576-4DFE-826B-501990F156B3}"
EndProject
Project("{FAE04EC0-301F-11D3-BF4B-00C04F79EFBC}") = "Observer", "Behavior\Observer\Observer.csproj", "{667F2DFB-4373-4B2C-B704-0C858358D633}"
EndProject
Project("{FAE04EC0-301F-11D3-BF4B-00C04F79EFBC}") = "Strategy", "Behavior\Strategy\Strategy.csproj", "{D864649D-F9CE-4A7A-90BD-F207A9AA91A7}"
EndProject
Project("{FAE04EC0-301F-11D3-BF4B-00C04F79EFBC}") = "ChainOfResponsability", "Behavior\ChainOfResponsability\ChainOfResponsability.csproj", "{22598E64-EDFC-4762-8855-0BDEF4FDBD67}"
EndProject
Project("{FAE04EC0-301F-11D3-BF4B-00C04F79EFBC}") = "Mediator", "Behavior\Mediator\Mediator.csproj", "{C733E7FE-2794-441F-A3E4-869616FCC0B0}"
EndProject
Global
	GlobalSection(SolutionConfigurationPlatforms) = preSolution
		Debug|Any CPU = Debug|Any CPU
		Debug|x64 = Debug|x64
		Debug|x86 = Debug|x86
		Release|Any CPU = Release|Any CPU
		Release|x64 = Release|x64
		Release|x86 = Release|x86
	EndGlobalSection
	GlobalSection(ProjectConfigurationPlatforms) = postSolution
		{B394B19D-587B-4AD1-8646-F4F4DF9171E6}.Debug|Any CPU.ActiveCfg = Debug|Any CPU
		{B394B19D-587B-4AD1-8646-F4F4DF9171E6}.Debug|Any CPU.Build.0 = Debug|Any CPU
		{B394B19D-587B-4AD1-8646-F4F4DF9171E6}.Debug|x64.ActiveCfg = Debug|Any CPU
		{B394B19D-587B-4AD1-8646-F4F4DF9171E6}.Debug|x64.Build.0 = Debug|Any CPU
		{B394B19D-587B-4AD1-8646-F4F4DF9171E6}.Debug|x86.ActiveCfg = Debug|Any CPU
		{B394B19D-587B-4AD1-8646-F4F4DF9171E6}.Debug|x86.Build.0 = Debug|Any CPU
		{B394B19D-587B-4AD1-8646-F4F4DF9171E6}.Release|Any CPU.ActiveCfg = Release|Any CPU
		{B394B19D-587B-4AD1-8646-F4F4DF9171E6}.Release|Any CPU.Build.0 = Release|Any CPU
		{B394B19D-587B-4AD1-8646-F4F4DF9171E6}.Release|x64.ActiveCfg = Release|Any CPU
		{B394B19D-587B-4AD1-8646-F4F4DF9171E6}.Release|x64.Build.0 = Release|Any CPU
		{B394B19D-587B-4AD1-8646-F4F4DF9171E6}.Release|x86.ActiveCfg = Release|Any CPU
		{B394B19D-587B-4AD1-8646-F4F4DF9171E6}.Release|x86.Build.0 = Release|Any CPU
		{B34E3A97-FAFB-4D90-B4A8-B8EE8070C90C}.Debug|Any CPU.ActiveCfg = Debug|Any CPU
		{B34E3A97-FAFB-4D90-B4A8-B8EE8070C90C}.Debug|Any CPU.Build.0 = Debug|Any CPU
		{B34E3A97-FAFB-4D90-B4A8-B8EE8070C90C}.Debug|x64.ActiveCfg = Debug|Any CPU
		{B34E3A97-FAFB-4D90-B4A8-B8EE8070C90C}.Debug|x64.Build.0 = Debug|Any CPU
		{B34E3A97-FAFB-4D90-B4A8-B8EE8070C90C}.Debug|x86.ActiveCfg = Debug|Any CPU
		{B34E3A97-FAFB-4D90-B4A8-B8EE8070C90C}.Debug|x86.Build.0 = Debug|Any CPU
		{B34E3A97-FAFB-4D90-B4A8-B8EE8070C90C}.Release|Any CPU.ActiveCfg = Release|Any CPU
		{B34E3A97-FAFB-4D90-B4A8-B8EE8070C90C}.Release|Any CPU.Build.0 = Release|Any CPU
		{B34E3A97-FAFB-4D90-B4A8-B8EE8070C90C}.Release|x64.ActiveCfg = Release|Any CPU
		{B34E3A97-FAFB-4D90-B4A8-B8EE8070C90C}.Release|x64.Build.0 = Release|Any CPU
		{B34E3A97-FAFB-4D90-B4A8-B8EE8070C90C}.Release|x86.ActiveCfg = Release|Any CPU
		{B34E3A97-FAFB-4D90-B4A8-B8EE8070C90C}.Release|x86.Build.0 = Release|Any CPU
		{8AA7E206-5C93-4CB5-91C2-632BBDC0766D}.Debug|Any CPU.ActiveCfg = Debug|Any CPU
		{8AA7E206-5C93-4CB5-91C2-632BBDC0766D}.Debug|Any CPU.Build.0 = Debug|Any CPU
		{8AA7E206-5C93-4CB5-91C2-632BBDC0766D}.Debug|x64.ActiveCfg = Debug|Any CPU
		{8AA7E206-5C93-4CB5-91C2-632BBDC0766D}.Debug|x64.Build.0 = Debug|Any CPU
		{8AA7E206-5C93-4CB5-91C2-632BBDC0766D}.Debug|x86.ActiveCfg = Debug|Any CPU
		{8AA7E206-5C93-4CB5-91C2-632BBDC0766D}.Debug|x86.Build.0 = Debug|Any CPU
		{8AA7E206-5C93-4CB5-91C2-632BBDC0766D}.Release|Any CPU.ActiveCfg = Release|Any CPU
		{8AA7E206-5C93-4CB5-91C2-632BBDC0766D}.Release|Any CPU.Build.0 = Release|Any CPU
		{8AA7E206-5C93-4CB5-91C2-632BBDC0766D}.Release|x64.ActiveCfg = Release|Any CPU
		{8AA7E206-5C93-4CB5-91C2-632BBDC0766D}.Release|x64.Build.0 = Release|Any CPU
		{8AA7E206-5C93-4CB5-91C2-632BBDC0766D}.Release|x86.ActiveCfg = Release|Any CPU
		{8AA7E206-5C93-4CB5-91C2-632BBDC0766D}.Release|x86.Build.0 = Release|Any CPU
		{904A8A17-47F7-4498-9571-AA09A40F92D3}.Debug|Any CPU.ActiveCfg = Debug|Any CPU
		{904A8A17-47F7-4498-9571-AA09A40F92D3}.Debug|Any CPU.Build.0 = Debug|Any CPU
		{904A8A17-47F7-4498-9571-AA09A40F92D3}.Debug|x64.ActiveCfg = Debug|Any CPU
		{904A8A17-47F7-4498-9571-AA09A40F92D3}.Debug|x64.Build.0 = Debug|Any CPU
		{904A8A17-47F7-4498-9571-AA09A40F92D3}.Debug|x86.ActiveCfg = Debug|Any CPU
		{904A8A17-47F7-4498-9571-AA09A40F92D3}.Debug|x86.Build.0 = Debug|Any CPU
		{904A8A17-47F7-4498-9571-AA09A40F92D3}.Release|Any CPU.ActiveCfg = Release|Any CPU
		{904A8A17-47F7-4498-9571-AA09A40F92D3}.Release|Any CPU.Build.0 = Release|Any CPU
		{904A8A17-47F7-4498-9571-AA09A40F92D3}.Release|x64.ActiveCfg = Release|Any CPU
		{904A8A17-47F7-4498-9571-AA09A40F92D3}.Release|x64.Build.0 = Release|Any CPU
		{904A8A17-47F7-4498-9571-AA09A40F92D3}.Release|x86.ActiveCfg = Release|Any CPU
		{904A8A17-47F7-4498-9571-AA09A40F92D3}.Release|x86.Build.0 = Release|Any CPU
		{8CA0FD6D-5C75-4DC4-8CD5-0C5DC3B32AEE}.Debug|Any CPU.ActiveCfg = Debug|Any CPU
		{8CA0FD6D-5C75-4DC4-8CD5-0C5DC3B32AEE}.Debug|Any CPU.Build.0 = Debug|Any CPU
		{8CA0FD6D-5C75-4DC4-8CD5-0C5DC3B32AEE}.Debug|x64.ActiveCfg = Debug|Any CPU
		{8CA0FD6D-5C75-4DC4-8CD5-0C5DC3B32AEE}.Debug|x64.Build.0 = Debug|Any CPU
		{8CA0FD6D-5C75-4DC4-8CD5-0C5DC3B32AEE}.Debug|x86.ActiveCfg = Debug|Any CPU
		{8CA0FD6D-5C75-4DC4-8CD5-0C5DC3B32AEE}.Debug|x86.Build.0 = Debug|Any CPU
		{8CA0FD6D-5C75-4DC4-8CD5-0C5DC3B32AEE}.Release|Any CPU.ActiveCfg = Release|Any CPU
		{8CA0FD6D-5C75-4DC4-8CD5-0C5DC3B32AEE}.Release|Any CPU.Build.0 = Release|Any CPU
		{8CA0FD6D-5C75-4DC4-8CD5-0C5DC3B32AEE}.Release|x64.ActiveCfg = Release|Any CPU
		{8CA0FD6D-5C75-4DC4-8CD5-0C5DC3B32AEE}.Release|x64.Build.0 = Release|Any CPU
		{8CA0FD6D-5C75-4DC4-8CD5-0C5DC3B32AEE}.Release|x86.ActiveCfg = Release|Any CPU
		{8CA0FD6D-5C75-4DC4-8CD5-0C5DC3B32AEE}.Release|x86.Build.0 = Release|Any CPU
		{FCB49A21-6F1E-432F-8A8E-40A41695DFFF}.Debug|Any CPU.ActiveCfg = Debug|Any CPU
		{FCB49A21-6F1E-432F-8A8E-40A41695DFFF}.Debug|Any CPU.Build.0 = Debug|Any CPU
		{FCB49A21-6F1E-432F-8A8E-40A41695DFFF}.Debug|x64.ActiveCfg = Debug|Any CPU
		{FCB49A21-6F1E-432F-8A8E-40A41695DFFF}.Debug|x64.Build.0 = Debug|Any CPU
		{FCB49A21-6F1E-432F-8A8E-40A41695DFFF}.Debug|x86.ActiveCfg = Debug|Any CPU
		{FCB49A21-6F1E-432F-8A8E-40A41695DFFF}.Debug|x86.Build.0 = Debug|Any CPU
		{FCB49A21-6F1E-432F-8A8E-40A41695DFFF}.Release|Any CPU.ActiveCfg = Release|Any CPU
		{FCB49A21-6F1E-432F-8A8E-40A41695DFFF}.Release|Any CPU.Build.0 = Release|Any CPU
		{FCB49A21-6F1E-432F-8A8E-40A41695DFFF}.Release|x64.ActiveCfg = Release|Any CPU
		{FCB49A21-6F1E-432F-8A8E-40A41695DFFF}.Release|x64.Build.0 = Release|Any CPU
		{FCB49A21-6F1E-432F-8A8E-40A41695DFFF}.Release|x86.ActiveCfg = Release|Any CPU
		{FCB49A21-6F1E-432F-8A8E-40A41695DFFF}.Release|x86.Build.0 = Release|Any CPU
		{749C8093-9310-435C-9F7B-2D0DEE027DF9}.Debug|Any CPU.ActiveCfg = Debug|Any CPU
		{749C8093-9310-435C-9F7B-2D0DEE027DF9}.Debug|Any CPU.Build.0 = Debug|Any CPU
		{749C8093-9310-435C-9F7B-2D0DEE027DF9}.Debug|x64.ActiveCfg = Debug|Any CPU
		{749C8093-9310-435C-9F7B-2D0DEE027DF9}.Debug|x64.Build.0 = Debug|Any CPU
		{749C8093-9310-435C-9F7B-2D0DEE027DF9}.Debug|x86.ActiveCfg = Debug|Any CPU
		{749C8093-9310-435C-9F7B-2D0DEE027DF9}.Debug|x86.Build.0 = Debug|Any CPU
		{749C8093-9310-435C-9F7B-2D0DEE027DF9}.Release|Any CPU.ActiveCfg = Release|Any CPU
		{749C8093-9310-435C-9F7B-2D0DEE027DF9}.Release|Any CPU.Build.0 = Release|Any CPU
		{749C8093-9310-435C-9F7B-2D0DEE027DF9}.Release|x64.ActiveCfg = Release|Any CPU
		{749C8093-9310-435C-9F7B-2D0DEE027DF9}.Release|x64.Build.0 = Release|Any CPU
		{749C8093-9310-435C-9F7B-2D0DEE027DF9}.Release|x86.ActiveCfg = Release|Any CPU
		{749C8093-9310-435C-9F7B-2D0DEE027DF9}.Release|x86.Build.0 = Release|Any CPU
		{ADE6123F-2E34-4275-BDD9-6A0C99C81579}.Debug|Any CPU.ActiveCfg = Debug|Any CPU
		{ADE6123F-2E34-4275-BDD9-6A0C99C81579}.Debug|Any CPU.Build.0 = Debug|Any CPU
		{ADE6123F-2E34-4275-BDD9-6A0C99C81579}.Debug|x64.ActiveCfg = Debug|Any CPU
		{ADE6123F-2E34-4275-BDD9-6A0C99C81579}.Debug|x64.Build.0 = Debug|Any CPU
		{ADE6123F-2E34-4275-BDD9-6A0C99C81579}.Debug|x86.ActiveCfg = Debug|Any CPU
		{ADE6123F-2E34-4275-BDD9-6A0C99C81579}.Debug|x86.Build.0 = Debug|Any CPU
		{ADE6123F-2E34-4275-BDD9-6A0C99C81579}.Release|Any CPU.ActiveCfg = Release|Any CPU
		{ADE6123F-2E34-4275-BDD9-6A0C99C81579}.Release|Any CPU.Build.0 = Release|Any CPU
		{ADE6123F-2E34-4275-BDD9-6A0C99C81579}.Release|x64.ActiveCfg = Release|Any CPU
		{ADE6123F-2E34-4275-BDD9-6A0C99C81579}.Release|x64.Build.0 = Release|Any CPU
		{ADE6123F-2E34-4275-BDD9-6A0C99C81579}.Release|x86.ActiveCfg = Release|Any CPU
		{ADE6123F-2E34-4275-BDD9-6A0C99C81579}.Release|x86.Build.0 = Release|Any CPU
		{5566A886-48CF-4608-9D30-8ADC22ACE7E9}.Debug|Any CPU.ActiveCfg = Debug|Any CPU
		{5566A886-48CF-4608-9D30-8ADC22ACE7E9}.Debug|Any CPU.Build.0 = Debug|Any CPU
		{5566A886-48CF-4608-9D30-8ADC22ACE7E9}.Debug|x64.ActiveCfg = Debug|Any CPU
		{5566A886-48CF-4608-9D30-8ADC22ACE7E9}.Debug|x64.Build.0 = Debug|Any CPU
		{5566A886-48CF-4608-9D30-8ADC22ACE7E9}.Debug|x86.ActiveCfg = Debug|Any CPU
		{5566A886-48CF-4608-9D30-8ADC22ACE7E9}.Debug|x86.Build.0 = Debug|Any CPU
		{5566A886-48CF-4608-9D30-8ADC22ACE7E9}.Release|Any CPU.ActiveCfg = Release|Any CPU
		{5566A886-48CF-4608-9D30-8ADC22ACE7E9}.Release|Any CPU.Build.0 = Release|Any CPU
		{5566A886-48CF-4608-9D30-8ADC22ACE7E9}.Release|x64.ActiveCfg = Release|Any CPU
		{5566A886-48CF-4608-9D30-8ADC22ACE7E9}.Release|x64.Build.0 = Release|Any CPU
		{5566A886-48CF-4608-9D30-8ADC22ACE7E9}.Release|x86.ActiveCfg = Release|Any CPU
		{5566A886-48CF-4608-9D30-8ADC22ACE7E9}.Release|x86.Build.0 = Release|Any CPU
		{9BE11B29-C31F-49A9-83DC-20B6D18FA0E6}.Debug|Any CPU.ActiveCfg = Debug|Any CPU
		{9BE11B29-C31F-49A9-83DC-20B6D18FA0E6}.Debug|Any CPU.Build.0 = Debug|Any CPU
		{9BE11B29-C31F-49A9-83DC-20B6D18FA0E6}.Debug|x64.ActiveCfg = Debug|Any CPU
		{9BE11B29-C31F-49A9-83DC-20B6D18FA0E6}.Debug|x64.Build.0 = Debug|Any CPU
		{9BE11B29-C31F-49A9-83DC-20B6D18FA0E6}.Debug|x86.ActiveCfg = Debug|Any CPU
		{9BE11B29-C31F-49A9-83DC-20B6D18FA0E6}.Debug|x86.Build.0 = Debug|Any CPU
		{9BE11B29-C31F-49A9-83DC-20B6D18FA0E6}.Release|Any CPU.ActiveCfg = Release|Any CPU
		{9BE11B29-C31F-49A9-83DC-20B6D18FA0E6}.Release|Any CPU.Build.0 = Release|Any CPU
		{9BE11B29-C31F-49A9-83DC-20B6D18FA0E6}.Release|x64.ActiveCfg = Release|Any CPU
		{9BE11B29-C31F-49A9-83DC-20B6D18FA0E6}.Release|x64.Build.0 = Release|Any CPU
		{9BE11B29-C31F-49A9-83DC-20B6D18FA0E6}.Release|x86.ActiveCfg = Release|Any CPU
		{9BE11B29-C31F-49A9-83DC-20B6D18FA0E6}.Release|x86.Build.0 = Release|Any CPU
		{E861CA46-A617-464E-BBB6-FA4F31CE1F8B}.Debug|Any CPU.ActiveCfg = Debug|Any CPU
		{E861CA46-A617-464E-BBB6-FA4F31CE1F8B}.Debug|Any CPU.Build.0 = Debug|Any CPU
		{E861CA46-A617-464E-BBB6-FA4F31CE1F8B}.Debug|x64.ActiveCfg = Debug|Any CPU
		{E861CA46-A617-464E-BBB6-FA4F31CE1F8B}.Debug|x64.Build.0 = Debug|Any CPU
		{E861CA46-A617-464E-BBB6-FA4F31CE1F8B}.Debug|x86.ActiveCfg = Debug|Any CPU
		{E861CA46-A617-464E-BBB6-FA4F31CE1F8B}.Debug|x86.Build.0 = Debug|Any CPU
		{E861CA46-A617-464E-BBB6-FA4F31CE1F8B}.Release|Any CPU.ActiveCfg = Release|Any CPU
		{E861CA46-A617-464E-BBB6-FA4F31CE1F8B}.Release|Any CPU.Build.0 = Release|Any CPU
		{E861CA46-A617-464E-BBB6-FA4F31CE1F8B}.Release|x64.ActiveCfg = Release|Any CPU
		{E861CA46-A617-464E-BBB6-FA4F31CE1F8B}.Release|x64.Build.0 = Release|Any CPU
		{E861CA46-A617-464E-BBB6-FA4F31CE1F8B}.Release|x86.ActiveCfg = Release|Any CPU
		{E861CA46-A617-464E-BBB6-FA4F31CE1F8B}.Release|x86.Build.0 = Release|Any CPU
		{8C837C8C-1576-4DFE-826B-501990F156B3}.Debug|Any CPU.ActiveCfg = Debug|Any CPU
		{8C837C8C-1576-4DFE-826B-501990F156B3}.Debug|Any CPU.Build.0 = Debug|Any CPU
		{8C837C8C-1576-4DFE-826B-501990F156B3}.Debug|x64.ActiveCfg = Debug|Any CPU
		{8C837C8C-1576-4DFE-826B-501990F156B3}.Debug|x64.Build.0 = Debug|Any CPU
		{8C837C8C-1576-4DFE-826B-501990F156B3}.Debug|x86.ActiveCfg = Debug|Any CPU
		{8C837C8C-1576-4DFE-826B-501990F156B3}.Debug|x86.Build.0 = Debug|Any CPU
		{8C837C8C-1576-4DFE-826B-501990F156B3}.Release|Any CPU.ActiveCfg = Release|Any CPU
		{8C837C8C-1576-4DFE-826B-501990F156B3}.Release|Any CPU.Build.0 = Release|Any CPU
		{8C837C8C-1576-4DFE-826B-501990F156B3}.Release|x64.ActiveCfg = Release|Any CPU
		{8C837C8C-1576-4DFE-826B-501990F156B3}.Release|x64.Build.0 = Release|Any CPU
		{8C837C8C-1576-4DFE-826B-501990F156B3}.Release|x86.ActiveCfg = Release|Any CPU
		{8C837C8C-1576-4DFE-826B-501990F156B3}.Release|x86.Build.0 = Release|Any CPU
		{667F2DFB-4373-4B2C-B704-0C858358D633}.Debug|Any CPU.ActiveCfg = Debug|Any CPU
		{667F2DFB-4373-4B2C-B704-0C858358D633}.Debug|Any CPU.Build.0 = Debug|Any CPU
		{667F2DFB-4373-4B2C-B704-0C858358D633}.Debug|x64.ActiveCfg = Debug|Any CPU
		{667F2DFB-4373-4B2C-B704-0C858358D633}.Debug|x64.Build.0 = Debug|Any CPU
		{667F2DFB-4373-4B2C-B704-0C858358D633}.Debug|x86.ActiveCfg = Debug|Any CPU
		{667F2DFB-4373-4B2C-B704-0C858358D633}.Debug|x86.Build.0 = Debug|Any CPU
		{667F2DFB-4373-4B2C-B704-0C858358D633}.Release|Any CPU.ActiveCfg = Release|Any CPU
		{667F2DFB-4373-4B2C-B704-0C858358D633}.Release|Any CPU.Build.0 = Release|Any CPU
		{667F2DFB-4373-4B2C-B704-0C858358D633}.Release|x64.ActiveCfg = Release|Any CPU
		{667F2DFB-4373-4B2C-B704-0C858358D633}.Release|x64.Build.0 = Release|Any CPU
		{667F2DFB-4373-4B2C-B704-0C858358D633}.Release|x86.ActiveCfg = Release|Any CPU
		{667F2DFB-4373-4B2C-B704-0C858358D633}.Release|x86.Build.0 = Release|Any CPU
		{D864649D-F9CE-4A7A-90BD-F207A9AA91A7}.Debug|Any CPU.ActiveCfg = Debug|Any CPU
		{D864649D-F9CE-4A7A-90BD-F207A9AA91A7}.Debug|Any CPU.Build.0 = Debug|Any CPU
		{D864649D-F9CE-4A7A-90BD-F207A9AA91A7}.Debug|x64.ActiveCfg = Debug|Any CPU
		{D864649D-F9CE-4A7A-90BD-F207A9AA91A7}.Debug|x64.Build.0 = Debug|Any CPU
		{D864649D-F9CE-4A7A-90BD-F207A9AA91A7}.Debug|x86.ActiveCfg = Debug|Any CPU
		{D864649D-F9CE-4A7A-90BD-F207A9AA91A7}.Debug|x86.Build.0 = Debug|Any CPU
		{D864649D-F9CE-4A7A-90BD-F207A9AA91A7}.Release|Any CPU.ActiveCfg = Release|Any CPU
		{D864649D-F9CE-4A7A-90BD-F207A9AA91A7}.Release|Any CPU.Build.0 = Release|Any CPU
		{D864649D-F9CE-4A7A-90BD-F207A9AA91A7}.Release|x64.ActiveCfg = Release|Any CPU
		{D864649D-F9CE-4A7A-90BD-F207A9AA91A7}.Release|x64.Build.0 = Release|Any CPU
		{D864649D-F9CE-4A7A-90BD-F207A9AA91A7}.Release|x86.ActiveCfg = Release|Any CPU
		{D864649D-F9CE-4A7A-90BD-F207A9AA91A7}.Release|x86.Build.0 = Release|Any CPU
		{22598E64-EDFC-4762-8855-0BDEF4FDBD67}.Debug|Any CPU.ActiveCfg = Debug|Any CPU
		{22598E64-EDFC-4762-8855-0BDEF4FDBD67}.Debug|Any CPU.Build.0 = Debug|Any CPU
		{22598E64-EDFC-4762-8855-0BDEF4FDBD67}.Debug|x64.ActiveCfg = Debug|Any CPU
		{22598E64-EDFC-4762-8855-0BDEF4FDBD67}.Debug|x64.Build.0 = Debug|Any CPU
		{22598E64-EDFC-4762-8855-0BDEF4FDBD67}.Debug|x86.ActiveCfg = Debug|Any CPU
		{22598E64-EDFC-4762-8855-0BDEF4FDBD67}.Debug|x86.Build.0 = Debug|Any CPU
		{22598E64-EDFC-4762-8855-0BDEF4FDBD67}.Release|Any CPU.ActiveCfg = Release|Any CPU
		{22598E64-EDFC-4762-8855-0BDEF4FDBD67}.Release|Any CPU.Build.0 = Release|Any CPU
		{22598E64-EDFC-4762-8855-0BDEF4FDBD67}.Release|x64.ActiveCfg = Release|Any CPU
		{22598E64-EDFC-4762-8855-0BDEF4FDBD67}.Release|x64.Build.0 = Release|Any CPU
		{22598E64-EDFC-4762-8855-0BDEF4FDBD67}.Release|x86.ActiveCfg = Release|Any CPU
		{22598E64-EDFC-4762-8855-0BDEF4FDBD67}.Release|x86.Build.0 = Release|Any CPU
		{C733E7FE-2794-441F-A3E4-869616FCC0B0}.Debug|Any CPU.ActiveCfg = Debug|Any CPU
		{C733E7FE-2794-441F-A3E4-869616FCC0B0}.Debug|Any CPU.Build.0 = Debug|Any CPU
		{C733E7FE-2794-441F-A3E4-869616FCC0B0}.Debug|x64.ActiveCfg = Debug|Any CPU
		{C733E7FE-2794-441F-A3E4-869616FCC0B0}.Debug|x64.Build.0 = Debug|Any CPU
		{C733E7FE-2794-441F-A3E4-869616FCC0B0}.Debug|x86.ActiveCfg = Debug|Any CPU
		{C733E7FE-2794-441F-A3E4-869616FCC0B0}.Debug|x86.Build.0 = Debug|Any CPU
		{C733E7FE-2794-441F-A3E4-869616FCC0B0}.Release|Any CPU.ActiveCfg = Release|Any CPU
		{C733E7FE-2794-441F-A3E4-869616FCC0B0}.Release|Any CPU.Build.0 = Release|Any CPU
		{C733E7FE-2794-441F-A3E4-869616FCC0B0}.Release|x64.ActiveCfg = Release|Any CPU
		{C733E7FE-2794-441F-A3E4-869616FCC0B0}.Release|x64.Build.0 = Release|Any CPU
		{C733E7FE-2794-441F-A3E4-869616FCC0B0}.Release|x86.ActiveCfg = Release|Any CPU
		{C733E7FE-2794-441F-A3E4-869616FCC0B0}.Release|x86.Build.0 = Release|Any CPU
	EndGlobalSection
	GlobalSection(SolutionProperties) = preSolution
		HideSolutionNode = FALSE
	EndGlobalSection
	GlobalSection(NestedProjects) = preSolution
		{B394B19D-587B-4AD1-8646-F4F4DF9171E6} = {50EBF11F-6F0A-471F-85CC-F0A686FE6521}
		{B34E3A97-FAFB-4D90-B4A8-B8EE8070C90C} = {50EBF11F-6F0A-471F-85CC-F0A686FE6521}
		{8AA7E206-5C93-4CB5-91C2-632BBDC0766D} = {50EBF11F-6F0A-471F-85CC-F0A686FE6521}
		{904A8A17-47F7-4498-9571-AA09A40F92D3} = {50EBF11F-6F0A-471F-85CC-F0A686FE6521}
		{8CA0FD6D-5C75-4DC4-8CD5-0C5DC3B32AEE} = {50EBF11F-6F0A-471F-85CC-F0A686FE6521}
		{FCB49A21-6F1E-432F-8A8E-40A41695DFFF} = {50EBF11F-6F0A-471F-85CC-F0A686FE6521}
		{749C8093-9310-435C-9F7B-2D0DEE027DF9} = {50EBF11F-6F0A-471F-85CC-F0A686FE6521}
		{ADE6123F-2E34-4275-BDD9-6A0C99C81579} = {64A35692-26B7-4710-B3A8-C7C074EA2214}
		{5566A886-48CF-4608-9D30-8ADC22ACE7E9} = {64A35692-26B7-4710-B3A8-C7C074EA2214}
		{9BE11B29-C31F-49A9-83DC-20B6D18FA0E6} = {64A35692-26B7-4710-B3A8-C7C074EA2214}
		{E861CA46-A617-464E-BBB6-FA4F31CE1F8B} = {557FFD6C-8E36-47CB-97AE-545E230BD7AF}
		{8C837C8C-1576-4DFE-826B-501990F156B3} = {557FFD6C-8E36-47CB-97AE-545E230BD7AF}
		{667F2DFB-4373-4B2C-B704-0C858358D633} = {557FFD6C-8E36-47CB-97AE-545E230BD7AF}
		{D864649D-F9CE-4A7A-90BD-F207A9AA91A7} = {557FFD6C-8E36-47CB-97AE-545E230BD7AF}
		{22598E64-EDFC-4762-8855-0BDEF4FDBD67} = {557FFD6C-8E36-47CB-97AE-545E230BD7AF}
		{C733E7FE-2794-441F-A3E4-869616FCC0B0} = {557FFD6C-8E36-47CB-97AE-545E230BD7AF}
	EndGlobalSection
EndGlobal
