
Microsoft Visual Studio Solution File, Format Version 12.00
# Visual Studio Version 17
VisualStudioVersion = 17.0.31903.59
MinimumVisualStudioVersion = 10.0.40219.1
Project("{2150E333-8FDC-42A3-9474-1A3956D46DE8}") = "Structural", "Structural", "{50EBF11F-6F0A-471F-85CC-F0A686FE6521}"
EndProject
Project("{FAE04EC0-301F-11D3-BF4B-00C04F79EFBC}") = "Adapter", "Structural\Adapter\Adapter.csproj", "{B394B19D-587B-4AD1-8646-F4F4DF9171E6}"
EndProject
Project("{FAE04EC0-301F-11D3-BF4B-00C04F79EFBC}") = "Bridge", "Structural\Bridge\Bridge.csproj", "{B34E3A97-FAFB-4D90-B4A8-B8EE8070C90C}"
EndProject
Project("{FAE04EC0-301F-11D3-BF4B-00C04F79EFBC}") = "Composite", "Structural\Composite\Composite.csproj", "{8AA7E206-5C93-4CB5-91C2-632BBDC0766D}"
EndProject
Project("{FAE04EC0-301F-11D3-BF4B-00C04F79EFBC}") = "Decorator", "Structural\Decorator\Decorator.csproj", "{904A8A17-47F7-4498-9571-AA09A40F92D3}"
EndProject
Project("{FAE04EC0-301F-11D3-BF4B-00C04F79EFBC}") = "Facade", "Structural\Facade\Facade.csproj", "{8CA0FD6D-5C75-4DC4-8CD5-0C5DC3B32AEE}"
EndProject
Project("{FAE04EC0-301F-11D3-BF4B-00C04F79EFBC}") = "Flyweight", "Structural\Flyweight\Flyweight.csproj", "{FCB49A21-6F1E-432F-8A8E-40A41695DFFF}"
EndProject
Global
	GlobalSection(SolutionConfigurationPlatforms) = preSolution
		Debug|Any CPU = Debug|Any CPU
		Release|Any CPU = Release|Any CPU
	EndGlobalSection
	GlobalSection(SolutionProperties) = preSolution
		HideSolutionNode = FALSE
	EndGlobalSection
	GlobalSection(ProjectConfigurationPlatforms) = postSolution
		{B394B19D-587B-4AD1-8646-F4F4DF9171E6}.Debug|Any CPU.ActiveCfg = Debug|Any CPU
		{B394B19D-587B-4AD1-8646-F4F4DF9171E6}.Debug|Any CPU.Build.0 = Debug|Any CPU
		{B394B19D-587B-4AD1-8646-F4F4DF9171E6}.Release|Any CPU.ActiveCfg = Release|Any CPU
		{B394B19D-587B-4AD1-8646-F4F4DF9171E6}.Release|Any CPU.Build.0 = Release|Any CPU
		{B34E3A97-FAFB-4D90-B4A8-B8EE8070C90C}.Debug|Any CPU.ActiveCfg = Debug|Any CPU
		{B34E3A97-FAFB-4D90-B4A8-B8EE8070C90C}.Debug|Any CPU.Build.0 = Debug|Any CPU
		{B34E3A97-FAFB-4D90-B4A8-B8EE8070C90C}.Release|Any CPU.ActiveCfg = Release|Any CPU
		{B34E3A97-FAFB-4D90-B4A8-B8EE8070C90C}.Release|Any CPU.Build.0 = Release|Any CPU
		{8AA7E206-5C93-4CB5-91C2-632BBDC0766D}.Debug|Any CPU.ActiveCfg = Debug|Any CPU
		{8AA7E206-5C93-4CB5-91C2-632BBDC0766D}.Debug|Any CPU.Build.0 = Debug|Any CPU
		{8AA7E206-5C93-4CB5-91C2-632BBDC0766D}.Release|Any CPU.ActiveCfg = Release|Any CPU
		{8AA7E206-5C93-4CB5-91C2-632BBDC0766D}.Release|Any CPU.Build.0 = Release|Any CPU
		{904A8A17-47F7-4498-9571-AA09A40F92D3}.Debug|Any CPU.ActiveCfg = Debug|Any CPU
		{904A8A17-47F7-4498-9571-AA09A40F92D3}.Debug|Any CPU.Build.0 = Debug|Any CPU
		{904A8A17-47F7-4498-9571-AA09A40F92D3}.Release|Any CPU.ActiveCfg = Release|Any CPU
		{904A8A17-47F7-4498-9571-AA09A40F92D3}.Release|Any CPU.Build.0 = Release|Any CPU
		{8CA0FD6D-5C75-4DC4-8CD5-0C5DC3B32AEE}.Debug|Any CPU.ActiveCfg = Debug|Any CPU
		{8CA0FD6D-5C75-4DC4-8CD5-0C5DC3B32AEE}.Debug|Any CPU.Build.0 = Debug|Any CPU
		{8CA0FD6D-5C75-4DC4-8CD5-0C5DC3B32AEE}.Release|Any CPU.ActiveCfg = Release|Any CPU
		{8CA0FD6D-5C75-4DC4-8CD5-0C5DC3B32AEE}.Release|Any CPU.Build.0 = Release|Any CPU
		{FCB49A21-6F1E-432F-8A8E-40A41695DFFF}.Debug|Any CPU.ActiveCfg = Debug|Any CPU
		{FCB49A21-6F1E-432F-8A8E-40A41695DFFF}.Debug|Any CPU.Build.0 = Debug|Any CPU
		{FCB49A21-6F1E-432F-8A8E-40A41695DFFF}.Release|Any CPU.ActiveCfg = Release|Any CPU
		{FCB49A21-6F1E-432F-8A8E-40A41695DFFF}.Release|Any CPU.Build.0 = Release|Any CPU
	EndGlobalSection
	GlobalSection(NestedProjects) = preSolution
		{B394B19D-587B-4AD1-8646-F4F4DF9171E6} = {50EBF11F-6F0A-471F-85CC-F0A686FE6521}
		{B34E3A97-FAFB-4D90-B4A8-B8EE8070C90C} = {50EBF11F-6F0A-471F-85CC-F0A686FE6521}
		{8AA7E206-5C93-4CB5-91C2-632BBDC0766D} = {50EBF11F-6F0A-471F-85CC-F0A686FE6521}
		{904A8A17-47F7-4498-9571-AA09A40F92D3} = {50EBF11F-6F0A-471F-85CC-F0A686FE6521}
		{8CA0FD6D-5C75-4DC4-8CD5-0C5DC3B32AEE} = {50EBF11F-6F0A-471F-85CC-F0A686FE6521}
		{FCB49A21-6F1E-432F-8A8E-40A41695DFFF} = {50EBF11F-6F0A-471F-85CC-F0A686FE6521}
	EndGlobalSection
EndGlobal
